
Microsoft Visual Studio Solution File, Format Version 12.00
# Visual Studio Version 17
VisualStudioVersion = 17.13.35818.85 d17.13
MinimumVisualStudioVersion = 10.0.40219.1
Project("{FAE04EC0-301F-11D3-BF4B-00C04F79EFBC}") = "tpmodul10_103022300095", "tpmodul10_103022300095.csproj", "{A6D8B825-D4FE-4BE4-8C6F-66CEFFB039E4}"
EndProject
Global
	GlobalSection(SolutionConfigurationPlatforms) = preSolution
		Debug|Any CPU = Debug|Any CPU
		Release|Any CPU = Release|Any CPU
	EndGlobalSection
	GlobalSection(ProjectConfigurationPlatforms) = postSolution
		{A6D8B825-D4FE-4BE4-8C6F-66CEFFB039E4}.Debug|Any CPU.ActiveCfg = Debug|Any CPU
		{A6D8B825-D4FE-4BE4-8C6F-66CEFFB039E4}.Debug|Any CPU.Build.0 = Debug|Any CPU
		{A6D8B825-D4FE-4BE4-8C6F-66CEFFB039E4}.Release|Any CPU.ActiveCfg = Release|Any CPU
		{A6D8B825-D4FE-4BE4-8C6F-66CEFFB039E4}.Release|Any CPU.Build.0 = Release|Any CPU
	EndGlobalSection
	GlobalSection(SolutionProperties) = preSolution
		HideSolutionNode = FALSE
	EndGlobalSection
	GlobalSection(ExtensibilityGlobals) = postSolution
		SolutionGuid = {8ADEC523-E58D-44D5-ACF4-E80064899D3C}
	EndGlobalSection
EndGlobal
